#MicroXplorer Configuration settings - do not modify
FATFS.IPParameters=_CODE_PAGE
FATFS._CODE_PAGE=1
File.Version=6
I2C2.I2C_Speed_Mode=I2C_Fast
I2C2.IPParameters=Timing,I2C_Speed_Mode
I2C2.Timing=0x2010091A
KeepUserPlacement=false
Mcu.Family=STM32F0
Mcu.IP0=FATFS
Mcu.IP1=I2C2
Mcu.IP2=NVIC
Mcu.IP3=RCC
Mcu.IP4=RTC
Mcu.IP5=SPI1
Mcu.IP6=SYS
Mcu.IP7=TIM2
Mcu.IP8=USART1
Mcu.IP9=USART2
Mcu.IPNb=10
Mcu.Name=STM32F051C8Tx
Mcu.Package=LQFP48
Mcu.Pin0=PC13
Mcu.Pin1=PC14-OSC32_IN
Mcu.Pin10=PA5
Mcu.Pin11=PA6
Mcu.Pin12=PA7
Mcu.Pin13=PB0
Mcu.Pin14=PB1
Mcu.Pin15=PB2
Mcu.Pin16=PB10
Mcu.Pin17=PB11
Mcu.Pin18=PB12
Mcu.Pin19=PB13
Mcu.Pin2=PC15-OSC32_OUT
Mcu.Pin20=PB14
Mcu.Pin21=PB15
Mcu.Pin22=PA8
Mcu.Pin23=PA9
Mcu.Pin24=PA10
Mcu.Pin25=PA11
Mcu.Pin26=PA12
Mcu.Pin27=PA13
Mcu.Pin28=PF6
Mcu.Pin29=PF7
Mcu.Pin3=PF0-OSC_IN
Mcu.Pin30=PA14
Mcu.Pin31=PA15
Mcu.Pin32=PB3
Mcu.Pin33=PB4
Mcu.Pin34=PB5
Mcu.Pin35=PB6
Mcu.Pin36=PB7
Mcu.Pin37=PB8
Mcu.Pin38=PB9
Mcu.Pin39=VP_FATFS_VS_Generic
Mcu.Pin4=PF1-OSC_OUT
Mcu.Pin40=VP_RTC_VS_RTC_Activate
Mcu.Pin41=VP_RTC_VS_RTC_Calendar
Mcu.Pin42=VP_SYS_VS_Systick
Mcu.Pin43=VP_TIM2_VS_ClockSourceINT
Mcu.Pin5=PA0
Mcu.Pin6=PA1
Mcu.Pin7=PA2
Mcu.Pin8=PA3
Mcu.Pin9=PA4
Mcu.PinsNb=44
Mcu.UserConstants=
Mcu.UserName=STM32F051C8Tx
MxCube.Version=4.18.0
MxDb.Version=DB.4.0.180
NVIC.EXTI4_15_IRQn=true\:0\:0\:false\:false\:true
NVIC.HardFault_IRQn=true\:0\:0\:false\:false\:true
NVIC.NonMaskableInt_IRQn=true\:0\:0\:false\:false\:true
NVIC.PendSV_IRQn=true\:0\:0\:false\:false\:true
NVIC.SVC_IRQn=true\:0\:0\:false\:false\:true
NVIC.SysTick_IRQn=true\:0\:0\:false\:false\:true
NVIC.USART1_IRQn=true\:1\:0\:true\:false\:true
NVIC.USART2_IRQn=true\:2\:0\:true\:false\:true
PA0.GPIOParameters=PinState,GPIO_Label,GPIO_ModeDefaultOutputPP
PA0.GPIO_Label=INTVECT_LOAD
PA0.GPIO_ModeDefaultOutputPP=GPIO_MODE_OUTPUT_OD
PA0.Locked=true
PA0.PinState=GPIO_PIN_SET
PA0.Signal=GPIO_Output
PA1.GPIOParameters=PinState,GPIO_Label,GPIO_ModeDefaultOutputPP
PA1.GPIO_Label=ESP_RESET
PA1.GPIO_ModeDefaultOutputPP=GPIO_MODE_OUTPUT_OD
PA1.Locked=true
PA1.PinState=GPIO_PIN_SET
PA1.Signal=GPIO_Output
PA10.Mode=Asynchronous
PA10.Signal=USART1_RX
PA11.GPIOParameters=GPIO_Label,GPIO_ModeDefaultEXTI
PA11.GPIO_Label=PS2_CLK
PA11.GPIO_ModeDefaultEXTI=GPIO_MODE_IT_FALLING
PA11.Locked=true
PA11.Signal=GPXTI11
PA12.GPIOParameters=GPIO_Label
PA12.GPIO_Label=PS2_DATA
PA12.Locked=true
PA12.Signal=GPIO_Input
PA13.Mode=Serial_Wire
PA13.Signal=SYS_SWDIO
PA14.Mode=Serial_Wire
PA14.Signal=SYS_SWCLK
PA15.GPIOParameters=PinState,GPIO_PuPd,GPIO_Label
PA15.GPIO_Label=Z80_INT
PA15.GPIO_PuPd=GPIO_NOPULL
PA15.Locked=true
PA15.PinState=GPIO_PIN_SET
PA15.Signal=GPIO_Output
PA2.GPIOParameters=GPIO_Label
PA2.GPIO_Label=ESP_TX
PA2.Mode=Asynchronous
PA2.Signal=USART2_TX
PA3.GPIOParameters=GPIO_Label
PA3.GPIO_Label=ESP_RX
PA3.Mode=Asynchronous
PA3.Signal=USART2_RX
PA4.GPIOParameters=PinState,GPIO_PuPd,GPIO_Label,GPIO_ModeDefaultOutputPP
PA4.GPIO_Label=SD_CS
PA4.GPIO_ModeDefaultOutputPP=GPIO_MODE_OUTPUT_OD
PA4.GPIO_PuPd=GPIO_NOPULL
PA4.Locked=true
PA4.PinState=GPIO_PIN_SET
PA4.Signal=GPIO_Output
PA5.GPIOParameters=GPIO_Label
PA5.GPIO_Label=SD_SCK
PA5.Mode=Full_Duplex_Master
PA5.Signal=SPI1_SCK
PA6.GPIOParameters=GPIO_Label
PA6.GPIO_Label=SD_MISO
PA6.Mode=Full_Duplex_Master
PA6.Signal=SPI1_MISO
PA7.GPIOParameters=GPIO_Label
PA7.GPIO_Label=SD_MOSI
PA7.Mode=Full_Duplex_Master
PA7.Signal=SPI1_MOSI
PA8.GPIOParameters=PinState,GPIO_Label,GPIO_ModeDefaultOutputPP
PA8.GPIO_Label=LATCH16
PA8.GPIO_ModeDefaultOutputPP=GPIO_MODE_OUTPUT_OD
PA8.Locked=true
PA8.PinState=GPIO_PIN_SET
PA8.Signal=GPIO_Output
PA9.Mode=Asynchronous
PA9.Signal=USART1_TX
PB0.GPIOParameters=GPIO_Label
PB0.GPIO_Label=CPLD_D0
PB0.Locked=true
PB0.Signal=GPIO_Input
PB1.GPIOParameters=GPIO_Label
PB1.GPIO_Label=CPLD_D1
PB1.Locked=true
PB1.Signal=GPIO_Input
PB10.GPIOParameters=GPIO_Label
PB10.GPIO_Label=IO_ADDR2
PB10.Locked=true
PB10.Signal=GPIO_Input
PB11.GPIOParameters=GPIO_Label
PB11.GPIO_Label=IO_ADDR3
PB11.Locked=true
PB11.Signal=GPIO_Input
PB12.GPIOParameters=GPIO_Label,GPIO_ModeDefaultEXTI
PB12.GPIO_Label=INTACK
PB12.GPIO_ModeDefaultEXTI=GPIO_MODE_IT_FALLING
PB12.Locked=true
PB12.Signal=GPXTI12
PB13.GPIOParameters=GPIO_Label,GPIO_ModeDefaultEXTI
PB13.GPIO_Label=IORD
PB13.GPIO_ModeDefaultEXTI=GPIO_MODE_IT_FALLING
PB13.Locked=true
PB13.Signal=GPXTI13
PB14.GPIOParameters=GPIO_Label,GPIO_ModeDefaultEXTI
PB14.GPIO_Label=IOWR
PB14.GPIO_ModeDefaultEXTI=GPIO_MODE_IT_FALLING
PB14.Locked=true
PB14.Signal=GPXTI14
PB15.GPIOParameters=PinState,GPIO_Label,GPIO_ModeDefaultOutputPP
PB15.GPIO_Label=LATCH1
PB15.GPIO_ModeDefaultOutputPP=GPIO_MODE_OUTPUT_OD
PB15.Locked=true
PB15.PinState=GPIO_PIN_SET
PB15.Signal=GPIO_Output
PB2.GPIOParameters=GPIO_Label
PB2.GPIO_Label=CPLD_D2
PB2.Locked=true
PB2.Signal=GPIO_Input
PB3.GPIOParameters=GPIO_Label
PB3.GPIO_Label=CPLD_D3
PB3.Locked=true
PB3.Signal=GPIO_Input
PB4.GPIOParameters=GPIO_Label
PB4.GPIO_Label=CPLD_D4
PB4.Locked=true
PB4.Signal=GPIO_Input
PB5.GPIOParameters=GPIO_Label
PB5.GPIO_Label=CPLD_D5
PB5.Locked=true
PB5.Signal=GPIO_Input
PB6.GPIOParameters=GPIO_Label
PB6.GPIO_Label=CPLD_D6
PB6.Locked=true
PB6.Signal=GPIO_Input
PB7.GPIOParameters=GPIO_Label
PB7.GPIO_Label=CPLD_D7
PB7.Locked=true
PB7.Signal=GPIO_Input
PB8.GPIOParameters=GPIO_Label
PB8.GPIO_Label=IO_ADDR0
PB8.Locked=true
PB8.Signal=GPIO_Input
PB9.GPIOParameters=GPIO_Label
PB9.GPIO_Label=IO_ADDR1
PB9.Locked=true
PB9.Signal=GPIO_Input
PC13.GPIOParameters=GPIO_Label
PC13.GPIO_Label=DEBUG_LED
PC13.Locked=true
PC13.Signal=GPIO_Output
PC14-OSC32_IN.Mode=LSE-External-Oscillator
PC14-OSC32_IN.Signal=RCC_OSC32_IN
PC15-OSC32_OUT.Mode=LSE-External-Oscillator
PC15-OSC32_OUT.Signal=RCC_OSC32_OUT
PCC.Checker=false
PCC.Line=STM32F0x1
PCC.MCU=STM32F051C8Tx
PCC.MXVersion=4.18.0
PCC.PartNumber=STM32F051C8Tx
PCC.Seq0=0
PCC.Series=STM32F0
PCC.Temperature=25
PCC.Vdd=3.3
PF0-OSC_IN.Mode=HSE-External-Oscillator
PF0-OSC_IN.Signal=RCC_OSC_IN
PF1-OSC_OUT.Mode=HSE-External-Oscillator
PF1-OSC_OUT.Signal=RCC_OSC_OUT
PF6.Locked=true
PF6.Mode=I2C
PF6.Signal=I2C2_SCL
PF7.Locked=true
PF7.Mode=I2C
PF7.Signal=I2C2_SDA
ProjectManager.AskForMigrate=true
ProjectManager.BackupPrevious=false
ProjectManager.CompilerOptimize=2
ProjectManager.ComputerToolchain=false
ProjectManager.CoupleFile=false
ProjectManager.CustomerFirmwarePackage=C\:/Users/Allen/STM32Cube/Repository/STM32Cube_FW_F0_V1.7.0
ProjectManager.DefaultFWLocation=true
ProjectManager.DeletePrevious=true
ProjectManager.DeviceId=STM32F051C8Tx
ProjectManager.FirmwarePackage=STM32Cube FW_F0 V1.7.0
ProjectManager.FreePins=false
ProjectManager.HalAssertFull=false
ProjectManager.HeapSize=0x200
ProjectManager.KeepUserCode=true
ProjectManager.LastFirmware=true
ProjectManager.LibraryCopy=1
ProjectManager.PreviousToolchain=
ProjectManager.ProjectBuild=false
ProjectManager.ProjectFileName=fapio.ioc
ProjectManager.ProjectName=fapio
ProjectManager.StackSize=0x400
ProjectManager.TargetToolchain=MDK-ARM V5
ProjectManager.ToolChainLocation=C\:\\Users\\Allen\\Desktop\\fap_ioboard\\fapio_firmware\\oldfapop
ProjectManager.UnderRoot=false
ProjectManager.functionlistsort=1-MX_GPIO_Init-GPIO-false-HAL,2-SystemClock_Config-RCC-false-HAL,3-MX_I2C2_Init-I2C2-false-HAL,4-MX_RTC_Init-RTC-false-HAL,5-MX_SPI1_Init-SPI1-false-HAL,6-MX_USART1_UART_Init-USART1-false-HAL,7-MX_USART2_UART_Init-USART2-false-HAL,8-MX_FATFS_Init-FATFS-false-HAL,9-MX_TIM2_Init-TIM2-false-HAL
RCC.AHBFreq_Value=48000000
RCC.APB1Freq_Value=48000000
RCC.APB1TimFreq_Value=48000000
RCC.CECFreq_Value=32786.88524590164
RCC.FCLKCortexFreq_Value=48000000
RCC.FamilyName=M
RCC.HCLKFreq_Value=48000000
RCC.HSICECFreq_Value=32786.88524590164
RCC.HSIState=RCC_HSI_ON
RCC.I2SFreq_Value=48000000
RCC.IPParameters=AHBFreq_Value,APB1Freq_Value,APB1TimFreq_Value,CECFreq_Value,FCLKCortexFreq_Value,FamilyName,HCLKFreq_Value,HSICECFreq_Value,HSIState,I2SFreq_Value,MCOFreq_Value,PLLCLKFreq_Value,PLLMCOFreq_Value,PLLMUL,PLLSourceVirtual,RTCClockSelection,RTCFreq_Value,SYSCLKFreq_VALUE,SYSCLKSource,TimSysFreq_Value,USART1Freq_Value,VCOOutput2Freq_Value
RCC.MCOFreq_Value=48000000
RCC.PLLCLKFreq_Value=48000000
RCC.PLLMCOFreq_Value=24000000
RCC.PLLMUL=RCC_PLL_MUL6
RCC.PLLSourceVirtual=RCC_PLLSOURCE_HSE
RCC.RTCClockSelection=RCC_RTCCLKSOURCE_LSE
RCC.RTCFreq_Value=32768
RCC.SYSCLKFreq_VALUE=48000000
RCC.SYSCLKSource=RCC_SYSCLKSOURCE_PLLCLK
RCC.TimSysFreq_Value=48000000
RCC.USART1Freq_Value=48000000
RCC.VCOOutput2Freq_Value=8000000
RTC.Date=6
RTC.Format=RTC_FORMAT_BIN
RTC.Hours=11
RTC.IPParameters=Format,Hours,Minutes,WeekDay,Month,Date,Year
RTC.Minutes=40
RTC.Month=RTC_MONTH_DECEMBER
RTC.WeekDay=RTC_WEEKDAY_TUESDAY
RTC.Year=16
SH.GPXTI11.0=GPIO_EXTI11
SH.GPXTI11.ConfNb=1
SH.GPXTI12.0=GPIO_EXTI12
SH.GPXTI12.ConfNb=1
SH.GPXTI13.0=GPIO_EXTI13
SH.GPXTI13.ConfNb=1
SH.GPXTI14.0=GPIO_EXTI14
SH.GPXTI14.ConfNb=1
SPI1.BaudRatePrescaler=SPI_BAUDRATEPRESCALER_128
SPI1.CalculateBaudRate=375.0 KBits/s
SPI1.DataSize=SPI_DATASIZE_8BIT
SPI1.IPParameters=Mode,CalculateBaudRate,BaudRatePrescaler,DataSize
SPI1.Mode=SPI_MODE_MASTER
TIM2.IPParameters=Prescaler,Period
TIM2.Period=4294967295
TIM2.Prescaler=47
USART1.BaudRate=115200
USART1.IPParameters=BaudRate
USART2.BaudRate=115200
USART2.IPParameters=BaudRate
VP_FATFS_VS_Generic.Mode=User_defined
VP_FATFS_VS_Generic.Signal=FATFS_VS_Generic
VP_RTC_VS_RTC_Activate.Mode=RTC_Enabled
VP_RTC_VS_RTC_Activate.Signal=RTC_VS_RTC_Activate
VP_RTC_VS_RTC_Calendar.Mode=RTC_Calendar
VP_RTC_VS_RTC_Calendar.Signal=RTC_VS_RTC_Calendar
VP_SYS_VS_Systick.Mode=SysTick
VP_SYS_VS_Systick.Signal=SYS_VS_Systick
VP_TIM2_VS_ClockSourceINT.Mode=Internal
VP_TIM2_VS_ClockSourceINT.Signal=TIM2_VS_ClockSourceINT
board=fapio
