#MicroXplorer Configuration settings - do not modify
#Sat Feb 20 21:07:42 CST 2016
File.Version=5
KeepUserPlacement=false
Mcu.Family=STM32F1
Mcu.IP0=NVIC
Mcu.IP1=RCC
Mcu.IP2=SYS
Mcu.IP3=USART1
Mcu.IP4=USART2
Mcu.IPNb=5
Mcu.Name=STM32F103V(C-D-E)Tx
Mcu.Package=LQFP100
Mcu.Pin0=PE2
Mcu.Pin1=PE3
Mcu.Pin10=PC3
Mcu.Pin11=PA2
Mcu.Pin12=PA3
Mcu.Pin13=PC4
Mcu.Pin14=PC5
Mcu.Pin15=PE7
Mcu.Pin16=PE8
Mcu.Pin17=PE9
Mcu.Pin18=PE10
Mcu.Pin19=PE11
Mcu.Pin2=PE4
Mcu.Pin20=PE12
Mcu.Pin21=PE13
Mcu.Pin22=PE14
Mcu.Pin23=PE15
Mcu.Pin24=PB12
Mcu.Pin25=PB13
Mcu.Pin26=PB14
Mcu.Pin27=PC6
Mcu.Pin28=PC7
Mcu.Pin29=PC8
Mcu.Pin3=PE5
Mcu.Pin30=PC9
Mcu.Pin31=PA9
Mcu.Pin32=PA10
Mcu.Pin33=PA13
Mcu.Pin34=PA14
Mcu.Pin35=PC10
Mcu.Pin36=PC11
Mcu.Pin37=PD0
Mcu.Pin38=PD1
Mcu.Pin39=PD2
Mcu.Pin4=PE6
Mcu.Pin40=PD3
Mcu.Pin41=PD4
Mcu.Pin42=PD5
Mcu.Pin43=PD6
Mcu.Pin44=PD7
Mcu.Pin45=PE0
Mcu.Pin46=PE1
Mcu.Pin5=OSC_IN
Mcu.Pin6=OSC_OUT
Mcu.Pin7=PC0
Mcu.Pin8=PC1
Mcu.Pin9=PC2
Mcu.PinsNb=47
Mcu.UserName=STM32F103VCTx
MxCube.Version=4.7.1
MxDb.Version=DB.4.0.71
NVIC.EXTI15_10_IRQn=true\:0\:0\:false
NVIC.PriorityGroup=NVIC_PRIORITYGROUP_4
NVIC.SysTick_IRQn=true\:0\:0\:false
OSC_IN.Mode=HSE-External-Oscillator
OSC_IN.Signal=RCC_OSC_IN
OSC_OUT.Mode=HSE-External-Oscillator
OSC_OUT.Signal=RCC_OSC_OUT
PA10.Mode=Asynchronous
PA10.Signal=USART1_RX
PA13.Mode=Serial_Wire
PA13.Signal=SYS_JTMS-SWDIO
PA14.Mode=Serial_Wire
PA14.Signal=SYS_JTCK-SWCLK
PA2.Mode=Asynchronous
PA2.Signal=USART2_TX
PA3.Mode=Asynchronous
PA3.Signal=USART2_RX
PA9.Mode=Asynchronous
PA9.Signal=USART1_TX
PB12.GPIOParameters=GPIO_PuPd,GPIO_ModeDefaultEXTI
PB12.GPIO_ModeDefaultEXTI=GPIO_MODE_IT_RISING_FALLING
PB12.GPIO_PuPd=GPIO_PULLUP
PB12.Locked=true
PB12.Signal=GPXTI12
PB13.GPIOParameters=GPIO_PuPd,GPIO_ModeDefaultEXTI
PB13.GPIO_ModeDefaultEXTI=GPIO_MODE_IT_RISING_FALLING
PB13.GPIO_PuPd=GPIO_PULLUP
PB13.Locked=true
PB13.Signal=GPXTI13
PB14.GPIOParameters=GPIO_PuPd,GPIO_ModeDefaultEXTI
PB14.GPIO_ModeDefaultEXTI=GPIO_MODE_IT_RISING_FALLING
PB14.GPIO_PuPd=GPIO_PULLUP
PB14.Locked=true
PB14.Signal=GPXTI14
PC0.Locked=true
PC0.Signal=GPIO_Input
PC1.Locked=true
PC1.Signal=GPIO_Input
PC10.GPIOParameters=GPIO_Speed,GPIO_ModeDefaultOutputPP
PC10.GPIO_ModeDefaultOutputPP=GPIO_MODE_OUTPUT_PP
PC10.GPIO_Speed=GPIO_SPEED_HIGH
PC10.Locked=true
PC10.Signal=GPIO_Output
PC11.Locked=true
PC11.Signal=GPIO_Input
PC2.GPIOParameters=GPIO_Speed,GPIO_ModeDefaultOutputPP
PC2.GPIO_ModeDefaultOutputPP=GPIO_MODE_OUTPUT_PP
PC2.GPIO_Speed=GPIO_SPEED_HIGH
PC2.Locked=true
PC2.Signal=GPIO_Output
PC3.GPIOParameters=GPIO_Speed,GPIO_ModeDefaultOutputPP
PC3.GPIO_ModeDefaultOutputPP=GPIO_MODE_OUTPUT_PP
PC3.GPIO_Speed=GPIO_SPEED_HIGH
PC3.Locked=true
PC3.Signal=GPIO_Output
PC4.GPIOParameters=GPIO_Speed,GPIO_ModeDefaultOutputPP
PC4.GPIO_ModeDefaultOutputPP=GPIO_MODE_OUTPUT_PP
PC4.GPIO_Speed=GPIO_SPEED_HIGH
PC4.Locked=true
PC4.Signal=GPIO_Output
PC5.Locked=true
PC5.Signal=GPIO_Input
PC6.Locked=true
PC6.Signal=GPIO_Input
PC7.Locked=true
PC7.Signal=GPIO_Input
PC8.GPIOParameters=GPIO_Speed,GPIO_ModeDefaultOutputPP
PC8.GPIO_ModeDefaultOutputPP=GPIO_MODE_OUTPUT_PP
PC8.GPIO_Speed=GPIO_SPEED_HIGH
PC8.Locked=true
PC8.Signal=GPIO_Output
PC9.GPIOParameters=GPIO_Speed,GPIO_ModeDefaultOutputPP
PC9.GPIO_ModeDefaultOutputPP=GPIO_MODE_OUTPUT_PP
PC9.GPIO_Speed=GPIO_SPEED_HIGH
PC9.Locked=true
PC9.Signal=GPIO_Output
PCC.Checker=false
PCC.Family=STM32F1
PCC.MCU=STM32F103V(C-D-E)Tx
PCC.MXVersion=4.7.1
PCC.PartNumber=STM32F103VCTx
PCC.Seq0=0
PCC.SubFamily=STM32F103
PCC.Temperature=25
PCC.Vdd=3.3
PD0.Locked=true
PD0.Signal=GPIO_Input
PD1.Locked=true
PD1.Signal=GPIO_Input
PD2.Locked=true
PD2.Signal=GPIO_Input
PD3.Locked=true
PD3.Signal=GPIO_Input
PD4.Locked=true
PD4.Signal=GPIO_Input
PD5.Locked=true
PD5.Signal=GPIO_Input
PD6.Locked=true
PD6.Signal=GPIO_Input
PD7.Locked=true
PD7.Signal=GPIO_Input
PE0.Locked=true
PE0.Signal=GPIO_Input
PE1.Locked=true
PE1.Signal=GPIO_Input
PE10.Locked=true
PE10.Signal=GPIO_Input
PE11.Locked=true
PE11.Signal=GPIO_Input
PE12.Locked=true
PE12.Signal=GPIO_Input
PE13.Locked=true
PE13.Signal=GPIO_Input
PE14.Locked=true
PE14.Signal=GPIO_Input
PE15.Locked=true
PE15.Signal=GPIO_Input
PE2.Locked=true
PE2.Signal=GPIO_Input
PE3.Locked=true
PE3.Signal=GPIO_Input
PE4.Locked=true
PE4.Signal=GPIO_Input
PE5.Locked=true
PE5.Signal=GPIO_Input
PE6.Locked=true
PE6.Signal=GPIO_Input
PE7.Locked=true
PE7.Signal=GPIO_Input
PE8.Locked=true
PE8.Signal=GPIO_Input
PE9.Locked=true
PE9.Signal=GPIO_Input
ProjectManager.AskForMigrate=true
ProjectManager.BackupPrevious=false
ProjectManager.CompilerOptimize=2
ProjectManager.ComputerToolchain=false
ProjectManager.CoupleFile=false
ProjectManager.DeletePrevious=true
ProjectManager.DeviceId=STM32F103VCTx
ProjectManager.FirmwarePackage=STM32Cube FW_F1 V1.0.0
ProjectManager.FreePins=false
ProjectManager.HalAssertFull=false
ProjectManager.KeepUserCode=true
ProjectManager.LastFirmware=true
ProjectManager.LibraryCopy=1
ProjectManager.ProjectBuild=false
ProjectManager.ProjectFileName=fap.ioc
ProjectManager.ProjectName=fap
ProjectManager.TargetToolchain=MDK-ARM V5
ProjectManager.ToolChainLocation=
RCC.ADCFreqValue=36000000
RCC.AHBFreq_Value=72000000
RCC.APB1CLKDivider=RCC_HCLK_DIV2
RCC.APB1Freq_Value=36000000
RCC.APB1TimFreq_Value=72000000
RCC.APB2Freq_Value=72000000
RCC.APB2TimFreq_Value=72000000
RCC.FCLKCortexFreq_Value=72000000
RCC.FSMCFreq_Value=72000000
RCC.FamilyName=M
RCC.HCLKFreq_Value=72000000
RCC.HSIState=RCC_HSI_ON
RCC.I2S2Freq_Value=72000000
RCC.I2S3Freq_Value=72000000
RCC.IPParameters=HSIState,PLLSource,VCOOutput2Freq_Value,PLLMUL,FamilyName,PLLMCOFreq_Value,APB1TimFreq_Value,APB2Freq_Value,APB1CLKDivider,HCLKFreq_Value,FCLKCortexFreq_Value,USBFreq_Value,I2S2Freq_Value,AHBFreq_Value,PLLSourceVirtual,SDIOHCLKDiv2FreqValue,TimSysFreq_Value,ADCFreqValue,SDIOFreq_Value,SYSCLKFreq_VALUE,SYSCLKSource,MCOFreq_Value,APB1Freq_Value,PLLCLKFreq_Value,FSMCFreq_Value,I2S3Freq_Value,APB2TimFreq_Value
RCC.MCOFreq_Value=72000000
RCC.PLLCLKFreq_Value=72000000
RCC.PLLMCOFreq_Value=36000000
RCC.PLLMUL=RCC_PLL_MUL9
RCC.PLLSource=RCC_PLLSOURCE_HSE
RCC.PLLSourceVirtual=RCC_PLLSOURCE_HSE
RCC.SDIOFreq_Value=72000000
RCC.SDIOHCLKDiv2FreqValue=36000000
RCC.SYSCLKFreq_VALUE=72000000
RCC.SYSCLKSource=RCC_SYSCLKSOURCE_PLLCLK
RCC.TimSysFreq_Value=9000000
RCC.USBFreq_Value=72000000
RCC.VCOOutput2Freq_Value=8000000
SH.GPXTI12.0=GPIO_EXTI12
SH.GPXTI12.ConfNb=1
SH.GPXTI13.0=GPIO_EXTI13
SH.GPXTI13.ConfNb=1
SH.GPXTI14.0=GPIO_EXTI14
SH.GPXTI14.ConfNb=1
USART2.BaudRate=9600
USART2.IPParameters=BaudRate
